
Microsoft Visual Studio Solution File, Format Version 12.00
# Visual Studio Version 17
VisualStudioVersion = 17.4.33213.308
MinimumVisualStudioVersion = 10.0.40219.1
Project("{FAE04EC0-301F-11D3-BF4B-00C04F79EFBC}") = "Translate", "Translate\Translate.csproj", "{B107388F-2815-40E7-A002-158F08D6EAA5}"
EndProject
Global
	GlobalSection(SolutionConfigurationPlatforms) = preSolution
		Debug|Any CPU = Debug|Any CPU
		Release|Any CPU = Release|Any CPU
	EndGlobalSection
	GlobalSection(ProjectConfigurationPlatforms) = postSolution
		{B107388F-2815-40E7-A002-158F08D6EAA5}.Debug|Any CPU.ActiveCfg = Debug|Any CPU
		{B107388F-2815-40E7-A002-158F08D6EAA5}.Debug|Any CPU.Build.0 = Debug|Any CPU
		{B107388F-2815-40E7-A002-158F08D6EAA5}.Release|Any CPU.ActiveCfg = Release|Any CPU
		{B107388F-2815-40E7-A002-158F08D6EAA5}.Release|Any CPU.Build.0 = Release|Any CPU
	EndGlobalSection
	GlobalSection(SolutionProperties) = preSolution
		HideSolutionNode = FALSE
	EndGlobalSection
	GlobalSection(ExtensibilityGlobals) = postSolution
		SolutionGuid = {3E2AFA87-8C05-4F0F-987A-D29DD0D01D61}
	EndGlobalSection
EndGlobal
